
Microsoft Visual Studio Solution File, Format Version 12.00
# Visual Studio Version 17
VisualStudioVersion = 17.3.32929.385
MinimumVisualStudioVersion = 10.0.40219.1
Project("{FAE04EC0-301F-11D3-BF4B-00C04F79EFBC}") = "Terminal", "Terminal.csproj", "{35AEA5FB-B877-4870-8AF9-56F4B5223A55}"
EndProject
Global
	GlobalSection(SolutionConfigurationPlatforms) = preSolution
		Debug|Any CPU = Debug|Any CPU
		Release|Any CPU = Release|Any CPU
	EndGlobalSection
	GlobalSection(ProjectConfigurationPlatforms) = postSolution
		{35AEA5FB-B877-4870-8AF9-56F4B5223A55}.Debug|Any CPU.ActiveCfg = Debug|Any CPU
		{35AEA5FB-B877-4870-8AF9-56F4B5223A55}.Debug|Any CPU.Build.0 = Debug|Any CPU
		{35AEA5FB-B877-4870-8AF9-56F4B5223A55}.Release|Any CPU.ActiveCfg = Release|Any CPU
		{35AEA5FB-B877-4870-8AF9-56F4B5223A55}.Release|Any CPU.Build.0 = Release|Any CPU
	EndGlobalSection
	GlobalSection(SolutionProperties) = preSolution
		HideSolutionNode = FALSE
	EndGlobalSection
	GlobalSection(ExtensibilityGlobals) = postSolution
		SolutionGuid = {A6FEB94B-77B9-41F6-B77C-0FA65DF17B19}
	EndGlobalSection
EndGlobal
